{
  "lockfileVersion": 1,
  "workspaces": {
    "": {
      "name": "telegram-mcp",
      "dependencies": {
        "@mtcute/bun": "^0.24.3",
      },
      "devDependencies": {
        "@types/bun": "^1.2.17",
        "@types/node": "^24.0.7",
        "typescript": "^5.8.3",
      },
    },
  },
  "packages": {
    "@fuman/bun": ["@fuman/bun@0.0.15", "", { "dependencies": { "@fuman/io": "^0.0.15", "@fuman/net": "^0.0.15", "@fuman/utils": "^0.0.15" } }, "sha512-+NpJgXPVMsGf7t78PXTIA84a/DBCiN+/E51fEJUcI/JYr9wNn4LPlLZilIvFXluTWowgOXveC+AMg0dtCdsFAQ=="],

    "@fuman/io": ["@fuman/io@0.0.15", "", { "dependencies": { "@fuman/utils": "^0.0.15" } }, "sha512-e/WbbWKXUp5NUIP4uMx3u9tr2leXnLoo8tCu0HopgoWcdydS5Y4U/75hhm5MqBSZQXWgICzJuvz21O5J6/kTPA=="],

    "@fuman/net": ["@fuman/net@0.0.15", "", { "dependencies": { "@fuman/io": "^0.0.15", "@fuman/utils": "^0.0.15" } }, "sha512-lo2TvyoUlBiIvkc4CMMlpTU9OCVyaVWOHj9vTgQbmy7iE3XCVGsID5yr7huF2tXG7QkOex0s55NznRYYGeLPSQ=="],

    "@fuman/utils": ["@fuman/utils@0.0.15", "", {}, "sha512-3H3WzkfG7iLKCa/yNV4s80lYD4yr5hgiNzU13ysLY2BcDqFjM08XGYuLd5wFVp4V8+DA/fe8gIDW96To/JwDyA=="],

    "@mtcute/bun": ["@mtcute/bun@0.24.3", "", { "dependencies": { "@fuman/bun": "0.0.15", "@fuman/io": "0.0.15", "@fuman/net": "0.0.15", "@fuman/utils": "0.0.15", "@mtcute/core": "^0.24.3", "@mtcute/html-parser": "^0.24.0", "@mtcute/markdown-parser": "^0.24.0", "@mtcute/wasm": "^0.24.3" } }, "sha512-voNLlACw7Su8+DKCiiBRi8F1yjl3r/AulUW8KFncPMILXo2H94qNengVg9KXUYx1mTLhJIqfRM3ouuuQQna9Lg=="],

    "@mtcute/core": ["@mtcute/core@0.24.4", "", { "dependencies": { "@fuman/io": "0.0.15", "@fuman/net": "0.0.15", "@fuman/utils": "0.0.15", "@mtcute/file-id": "^0.24.3", "@mtcute/tl": "^204.0.0", "@mtcute/tl-runtime": "^0.24.3", "@types/events": "3.0.0", "long": "5.2.3" } }, "sha512-4dQ1MhY1DmEUqpOLyssgv9WljDr/itpUTVanTg6pZsraU6Z+ohH4E3V2UOQcfmWCQbecmMZL7UeLlScfw0oDXQ=="],

    "@mtcute/file-id": ["@mtcute/file-id@0.24.3", "", { "dependencies": { "@fuman/utils": "0.0.15", "@mtcute/tl-runtime": "^0.24.3", "long": "5.2.3" } }, "sha512-E00JsYonLZ2z5pzfbfmAuIz3+Fn60xliOn8SCRk6Qhht4aMWbJAkehkqhsmlWsM4C64hQvW8IHqinl9LVJyOLA=="],

    "@mtcute/html-parser": ["@mtcute/html-parser@0.24.0", "", { "dependencies": { "@mtcute/core": "^0.24.0", "htmlparser2": "^10.0.0", "long": "5.2.3" } }, "sha512-TFJ9An/jI95YH+wxxCsgE1wEdGrNj15Dx1SWPzHOnzlBqL/kjO9UrPEFdIoeOK6BBoejRNVkQgwnoqBiJCIaOA=="],

    "@mtcute/markdown-parser": ["@mtcute/markdown-parser@0.24.0", "", { "dependencies": { "@mtcute/core": "^0.24.0", "long": "5.2.3" } }, "sha512-j+SeBp/6uTpqIB/GMrrPT9l97xmaRKZIb3mrTNt9Y6M9BS8gYqDkqlmMbhrT6flyU6/TNpyJ5YaGMIQt0OssQw=="],

    "@mtcute/tl": ["@mtcute/tl@204.0.0", "", { "dependencies": { "long": "5.2.3" } }, "sha512-ldWqKJ60BX2VKPE3DwjXpP8pdlEJ4yiHHVfSdielTYTItBM++PNqTO5y6dS2iZMcsk7xFrnGWmtaWd74L+VNRw=="],

    "@mtcute/tl-runtime": ["@mtcute/tl-runtime@0.24.3", "", { "dependencies": { "@fuman/utils": "0.0.15", "long": "5.2.3" } }, "sha512-61J3cgYgNOQT532GdIiuezRrSC7v6cc9MfvWv9GO27bRGf7JUKWVbFt4U0KzQ9Tp0J1uMOUfi1EbQKkYKacIKQ=="],

    "@mtcute/wasm": ["@mtcute/wasm@0.24.3", "", {}, "sha512-6kI9r+g/4P6Dg6A1K1O0DC6KLIQp/ABeOxSWzBfH3YM2HR6Vc8RO/M0/6Ij7GwCvELNGAz9AWj/Qk8vM8c0ATg=="],

    "@types/bun": ["@types/bun@1.2.17", "", { "dependencies": { "bun-types": "1.2.17" } }, "sha512-l/BYs/JYt+cXA/0+wUhulYJB6a6p//GTPiJ7nV+QHa8iiId4HZmnu/3J/SowP5g0rTiERY2kfGKXEK5Ehltx4Q=="],

    "@types/events": ["@types/events@3.0.0", "", {}, "sha512-EaObqwIvayI5a8dCzhFrjKzVwKLxjoG9T6Ppd5CEo07LRKfQ8Yokw54r5+Wq7FaBQ+yXRvQAYPrHwya1/UFt9g=="],

    "@types/node": ["@types/node@24.0.7", "", { "dependencies": { "undici-types": "~7.8.0" } }, "sha512-YIEUUr4yf8q8oQoXPpSlnvKNVKDQlPMWrmOcgzoduo7kvA2UF0/BwJ/eMKFTiTtkNL17I0M6Xe2tvwFU7be6iw=="],

    "bun-types": ["bun-types@1.2.17", "", { "dependencies": { "@types/node": "*" } }, "sha512-ElC7ItwT3SCQwYZDYoAH+q6KT4Fxjl8DtZ6qDulUFBmXA8YB4xo+l54J9ZJN+k2pphfn9vk7kfubeSd5QfTVJQ=="],

    "dom-serializer": ["dom-serializer@2.0.0", "", { "dependencies": { "domelementtype": "^2.3.0", "domhandler": "^5.0.2", "entities": "^4.2.0" } }, "sha512-wIkAryiqt/nV5EQKqQpo3SToSOV9J0DnbJqwK7Wv/Trc92zIAYZ4FlMu+JPFW1DfGFt81ZTCGgDEabffXeLyJg=="],

    "domelementtype": ["domelementtype@2.3.0", "", {}, "sha512-OLETBj6w0OsagBwdXnPdN0cnMfF9opN69co+7ZrbfPGrdpPVNBUj02spi6B1N7wChLQiPn4CSH/zJvXw56gmHw=="],

    "domhandler": ["domhandler@5.0.3", "", { "dependencies": { "domelementtype": "^2.3.0" } }, "sha512-cgwlv/1iFQiFnU96XXgROh8xTeetsnJiDsTc7TYCLFd9+/WNkIqPTxiM/8pSd8VIrhXGTf1Ny1q1hquVqDJB5w=="],

    "domutils": ["domutils@3.2.2", "", { "dependencies": { "dom-serializer": "^2.0.0", "domelementtype": "^2.3.0", "domhandler": "^5.0.3" } }, "sha512-6kZKyUajlDuqlHKVX1w7gyslj9MPIXzIFiz/rGu35uC1wMi+kMhQwGhl4lt9unC9Vb9INnY9Z3/ZA3+FhASLaw=="],

    "entities": ["entities@6.0.1", "", {}, "sha512-aN97NXWF6AWBTahfVOIrB/NShkzi5H7F9r1s9mD3cDj4Ko5f2qhhVoYMibXF7GlLveb/D2ioWay8lxI97Ven3g=="],

    "htmlparser2": ["htmlparser2@10.0.0", "", { "dependencies": { "domelementtype": "^2.3.0", "domhandler": "^5.0.3", "domutils": "^3.2.1", "entities": "^6.0.0" } }, "sha512-TwAZM+zE5Tq3lrEHvOlvwgj1XLWQCtaaibSN11Q+gGBAS7Y1uZSWwXXRe4iF6OXnaq1riyQAPFOBtYc77Mxq0g=="],

    "long": ["long@5.2.3", "", {}, "sha512-lcHwpNoggQTObv5apGNCTdJrO69eHOZMi4BNC+rTLER8iHAqGrUVeLh/irVIM7zTw2bOXA8T6uNPeujwOLg/2Q=="],

    "typescript": ["typescript@5.8.3", "", { "bin": { "tsc": "bin/tsc", "tsserver": "bin/tsserver" } }, "sha512-p1diW6TqL9L07nNxvRMM7hMMw4c5XOo/1ibL4aAIGmSAt9slTE1Xgw5KWuof2uTOvCg9BY7ZRi+GaF+7sfgPeQ=="],

    "undici-types": ["undici-types@7.8.0", "", {}, "sha512-9UJ2xGDvQ43tYyVMpuHlsgApydB8ZKfVYTsLDhXkFL/6gfkp+U8xTGdh8pMJv1SpZna0zxG1DwsKZsreLbXBxw=="],

    "dom-serializer/entities": ["entities@4.5.0", "", {}, "sha512-V0hjH4dGPh9Ao5p0MoRY6BVqtwCjhz6vI5LT8AJ55H+4g9/4vbHx1I54fS0XuclLhDHArPQCiMjDxjaL8fPxhw=="],
  }
}
